
Microsoft Visual Studio Solution File, Format Version 12.00
# Visual Studio 2012
Project("{FAE04EC0-301F-11D3-BF4B-00C04F79EFBC}") = "BMI-iOS", "BMI-iOS\BMI-iOS.csproj", "{333EFA5D-0159-4D4E-8518-EF74E39A425A}"
EndProject
Global
	GlobalSection(SolutionConfigurationPlatforms) = preSolution
		Debug|iPhoneSimulator = Debug|iPhoneSimulator
		Release|iPhone = Release|iPhone
		Release|iPhoneSimulator = Release|iPhoneSimulator
		Debug|iPhone = Debug|iPhone
	EndGlobalSection
	GlobalSection(ProjectConfigurationPlatforms) = postSolution
		{333EFA5D-0159-4D4E-8518-EF74E39A425A}.Debug|iPhoneSimulator.ActiveCfg = Debug|iPhoneSimulator
		{333EFA5D-0159-4D4E-8518-EF74E39A425A}.Debug|iPhoneSimulator.Build.0 = Debug|iPhoneSimulator
		{333EFA5D-0159-4D4E-8518-EF74E39A425A}.Release|iPhone.ActiveCfg = Release|iPhone
		{333EFA5D-0159-4D4E-8518-EF74E39A425A}.Release|iPhone.Build.0 = Release|iPhone
		{333EFA5D-0159-4D4E-8518-EF74E39A425A}.Release|iPhoneSimulator.ActiveCfg = Release|iPhoneSimulator
		{333EFA5D-0159-4D4E-8518-EF74E39A425A}.Release|iPhoneSimulator.Build.0 = Release|iPhoneSimulator
		{333EFA5D-0159-4D4E-8518-EF74E39A425A}.Debug|iPhone.ActiveCfg = Debug|iPhone
		{333EFA5D-0159-4D4E-8518-EF74E39A425A}.Debug|iPhone.Build.0 = Debug|iPhone
	EndGlobalSection
EndGlobal
